
Microsoft Visual Studio Solution File, Format Version 12.00
# Visual Studio Version 17
VisualStudioVersion = 17.7.34031.279
MinimumVisualStudioVersion = 10.0.40219.1
Project("{FAE04EC0-301F-11D3-BF4B-00C04F79EFBC}") = "Bocharova_Glazki", "Bocharova_Glazki\Bocharova_Glazki.csproj", "{CC292E19-8C16-4671-BB2F-613B7E9A1172}"
EndProject
Global
	GlobalSection(SolutionConfigurationPlatforms) = preSolution
		Debug|Any CPU = Debug|Any CPU
		Release|Any CPU = Release|Any CPU
	EndGlobalSection
	GlobalSection(ProjectConfigurationPlatforms) = postSolution
		{CC292E19-8C16-4671-BB2F-613B7E9A1172}.Debug|Any CPU.ActiveCfg = Debug|Any CPU
		{CC292E19-8C16-4671-BB2F-613B7E9A1172}.Debug|Any CPU.Build.0 = Debug|Any CPU
		{CC292E19-8C16-4671-BB2F-613B7E9A1172}.Release|Any CPU.ActiveCfg = Release|Any CPU
		{CC292E19-8C16-4671-BB2F-613B7E9A1172}.Release|Any CPU.Build.0 = Release|Any CPU
	EndGlobalSection
	GlobalSection(SolutionProperties) = preSolution
		HideSolutionNode = FALSE
	EndGlobalSection
	GlobalSection(ExtensibilityGlobals) = postSolution
		SolutionGuid = {54E56A01-A1E8-4343-88BA-3B7169E9EB4F}
	EndGlobalSection
EndGlobal
